// !$*UTF8*$!
{
	archiveVersion = 1;
	classes = {
	};
	objectVersion = 77;
	objects = {

/* Begin PBXBuildFile section */
		D586B72F2CEE594900021080 /* Shika-KeyBoard.appex in Embed Foundation Extensions */ = {isa = PBXBuildFile; fileRef = D586B7282CEE594900021080 /* Shika-KeyBoard.appex */; settings = {ATTRIBUTES = (RemoveHeadersOnCopy, ); }; };
/* End PBXBuildFile section */

/* Begin PBXContainerItemProxy section */
		D5062F1D2CEE4F98000BD865 /* PBXContainerItemProxy */ = {
			isa = PBXContainerItemProxy;
			containerPortal = D5062F042CEE4F97000BD865 /* Project object */;
			proxyType = 1;
			remoteGlobalIDString = D5062F0B2CEE4F97000BD865;
			remoteInfo = "Shika-InputMethod";
		};
		D5062F272CEE4F98000BD865 /* PBXContainerItemProxy */ = {
			isa = PBXContainerItemProxy;
			containerPortal = D5062F042CEE4F97000BD865 /* Project object */;
			proxyType = 1;
			remoteGlobalIDString = D5062F0B2CEE4F97000BD865;
			remoteInfo = "Shika-InputMethod";
		};
		D586B72D2CEE594900021080 /* PBXContainerItemProxy */ = {
			isa = PBXContainerItemProxy;
			containerPortal = D5062F042CEE4F97000BD865 /* Project object */;
			proxyType = 1;
			remoteGlobalIDString = D586B7272CEE594900021080;
			remoteInfo = "Shika-KeyBoard";
		};
/* End PBXContainerItemProxy section */

/* Begin PBXCopyFilesBuildPhase section */
		D586B7342CEE594900021080 /* Embed Foundation Extensions */ = {
			isa = PBXCopyFilesBuildPhase;
			buildActionMask = 2147483647;
			dstPath = "";
			dstSubfolderSpec = 13;
			files = (
				D586B72F2CEE594900021080 /* Shika-KeyBoard.appex in Embed Foundation Extensions */,
			);
			name = "Embed Foundation Extensions";
			runOnlyForDeploymentPostprocessing = 0;
		};
/* End PBXCopyFilesBuildPhase section */

/* Begin PBXFileReference section */
		D5062F0C2CEE4F97000BD865 /* Shika-InputMethod.app */ = {isa = PBXFileReference; explicitFileType = wrapper.application; includeInIndex = 0; path = "Shika-InputMethod.app"; sourceTree = BUILT_PRODUCTS_DIR; };
		D5062F1C2CEE4F98000BD865 /* Shika-InputMethodTests.xctest */ = {isa = PBXFileReference; explicitFileType = wrapper.cfbundle; includeInIndex = 0; path = "Shika-InputMethodTests.xctest"; sourceTree = BUILT_PRODUCTS_DIR; };
		D5062F262CEE4F98000BD865 /* Shika-InputMethodUITests.xctest */ = {isa = PBXFileReference; explicitFileType = wrapper.cfbundle; includeInIndex = 0; path = "Shika-InputMethodUITests.xctest"; sourceTree = BUILT_PRODUCTS_DIR; };
		D586B7282CEE594900021080 /* Shika-KeyBoard.appex */ = {isa = PBXFileReference; explicitFileType = "wrapper.app-extension"; includeInIndex = 0; path = "Shika-KeyBoard.appex"; sourceTree = BUILT_PRODUCTS_DIR; };
/* End PBXFileReference section */

/* Begin PBXFileSystemSynchronizedBuildFileExceptionSet section */
		D586B7302CEE594900021080 /* Exceptions for "Shika-KeyBoard" folder in "Shika-KeyBoard" target */ = {
			isa = PBXFileSystemSynchronizedBuildFileExceptionSet;
			membershipExceptions = (
				Info.plist,
			);
			target = D586B7272CEE594900021080 /* Shika-KeyBoard */;
		};
/* End PBXFileSystemSynchronizedBuildFileExceptionSet section */

/* Begin PBXFileSystemSynchronizedRootGroup section */
		D5062F0E2CEE4F97000BD865 /* Shika-InputMethod */ = {
			isa = PBXFileSystemSynchronizedRootGroup;
			path = "Shika-InputMethod";
			sourceTree = "<group>";
		};
		D5062F1F2CEE4F98000BD865 /* Shika-InputMethodTests */ = {
			isa = PBXFileSystemSynchronizedRootGroup;
			path = "Shika-InputMethodTests";
			sourceTree = "<group>";
		};
		D5062F292CEE4F98000BD865 /* Shika-InputMethodUITests */ = {
			isa = PBXFileSystemSynchronizedRootGroup;
			path = "Shika-InputMethodUITests";
			sourceTree = "<group>";
		};
		D586B7292CEE594900021080 /* Shika-KeyBoard */ = {
			isa = PBXFileSystemSynchronizedRootGroup;
			exceptions = (
				D586B7302CEE594900021080 /* Exceptions for "Shika-KeyBoard" folder in "Shika-KeyBoard" target */,
			);
			path = "Shika-KeyBoard";
			sourceTree = "<group>";
		};
/* End PBXFileSystemSynchronizedRootGroup section */

/* Begin PBXFrameworksBuildPhase section */
		D5062F092CEE4F97000BD865 /* Frameworks */ = {
			isa = PBXFrameworksBuildPhase;
			buildActionMask = 2147483647;
			files = (
			);
			runOnlyForDeploymentPostprocessing = 0;
		};
		D5062F192CEE4F98000BD865 /* Frameworks */ = {
			isa = PBXFrameworksBuildPhase;
			buildActionMask = 2147483647;
			files = (
			);
			runOnlyForDeploymentPostprocessing = 0;
		};
		D5062F232CEE4F98000BD865 /* Frameworks */ = {
			isa = PBXFrameworksBuildPhase;
			buildActionMask = 2147483647;
			files = (
			);
			runOnlyForDeploymentPostprocessing = 0;
		};
		D586B7252CEE594900021080 /* Frameworks */ = {
			isa = PBXFrameworksBuildPhase;
			buildActionMask = 2147483647;
			files = (
			);
			runOnlyForDeploymentPostprocessing = 0;
		};
/* End PBXFrameworksBuildPhase section */

/* Begin PBXGroup section */
		D5062F032CEE4F97000BD865 = {
			isa = PBXGroup;
			children = (
				D5062F0E2CEE4F97000BD865 /* Shika-InputMethod */,
				D5062F1F2CEE4F98000BD865 /* Shika-InputMethodTests */,
				D5062F292CEE4F98000BD865 /* Shika-InputMethodUITests */,
				D586B7292CEE594900021080 /* Shika-KeyBoard */,
				D5062F0D2CEE4F97000BD865 /* Products */,
			);
			sourceTree = "<group>";
		};
		D5062F0D2CEE4F97000BD865 /* Products */ = {
			isa = PBXGroup;
			children = (
				D5062F0C2CEE4F97000BD865 /* Shika-InputMethod.app */,
				D5062F1C2CEE4F98000BD865 /* Shika-InputMethodTests.xctest */,
				D5062F262CEE4F98000BD865 /* Shika-InputMethodUITests.xctest */,
				D586B7282CEE594900021080 /* Shika-KeyBoard.appex */,
			);
			name = Products;
			sourceTree = "<group>";
		};
/* End PBXGroup section */

/* Begin PBXNativeTarget section */
		D5062F0B2CEE4F97000BD865 /* Shika-InputMethod */ = {
			isa = PBXNativeTarget;
			buildConfigurationList = D5062F302CEE4F98000BD865 /* Build configuration list for PBXNativeTarget "Shika-InputMethod" */;
			buildPhases = (
				D5062F082CEE4F97000BD865 /* Sources */,
				D5062F092CEE4F97000BD865 /* Frameworks */,
				D5062F0A2CEE4F97000BD865 /* Resources */,
				D586B7342CEE594900021080 /* Embed Foundation Extensions */,
			);
			buildRules = (
			);
			dependencies = (
				D586B72E2CEE594900021080 /* PBXTargetDependency */,
			);
			fileSystemSynchronizedGroups = (
				D5062F0E2CEE4F97000BD865 /* Shika-InputMethod */,
			);
			name = "Shika-InputMethod";
			packageProductDependencies = (
			);
			productName = "Shika-InputMethod";
			productReference = D5062F0C2CEE4F97000BD865 /* Shika-InputMethod.app */;
			productType = "com.apple.product-type.application";
		};
		D5062F1B2CEE4F98000BD865 /* Shika-InputMethodTests */ = {
			isa = PBXNativeTarget;
			buildConfigurationList = D5062F332CEE4F98000BD865 /* Build configuration list for PBXNativeTarget "Shika-InputMethodTests" */;
			buildPhases = (
				D5062F182CEE4F98000BD865 /* Sources */,
				D5062F192CEE4F98000BD865 /* Frameworks */,
				D5062F1A2CEE4F98000BD865 /* Resources */,
			);
			buildRules = (
			);
			dependencies = (
				D5062F1E2CEE4F98000BD865 /* PBXTargetDependency */,
			);
			fileSystemSynchronizedGroups = (
				D5062F1F2CEE4F98000BD865 /* Shika-InputMethodTests */,
			);
			name = "Shika-InputMethodTests";
			packageProductDependencies = (
			);
			productName = "Shika-InputMethodTests";
			productReference = D5062F1C2CEE4F98000BD865 /* Shika-InputMethodTests.xctest */;
			productType = "com.apple.product-type.bundle.unit-test";
		};
		D5062F252CEE4F98000BD865 /* Shika-InputMethodUITests */ = {
			isa = PBXNativeTarget;
			buildConfigurationList = D5062F362CEE4F98000BD865 /* Build configuration list for PBXNativeTarget "Shika-InputMethodUITests" */;
			buildPhases = (
				D5062F222CEE4F98000BD865 /* Sources */,
				D5062F232CEE4F98000BD865 /* Frameworks */,
				D5062F242CEE4F98000BD865 /* Resources */,
			);
			buildRules = (
			);
			dependencies = (
				D5062F282CEE4F98000BD865 /* PBXTargetDependency */,
			);
			fileSystemSynchronizedGroups = (
				D5062F292CEE4F98000BD865 /* Shika-InputMethodUITests */,
			);
			name = "Shika-InputMethodUITests";
			packageProductDependencies = (
			);
			productName = "Shika-InputMethodUITests";
			productReference = D5062F262CEE4F98000BD865 /* Shika-InputMethodUITests.xctest */;
			productType = "com.apple.product-type.bundle.ui-testing";
		};
		D586B7272CEE594900021080 /* Shika-KeyBoard */ = {
			isa = PBXNativeTarget;
			buildConfigurationList = D586B7312CEE594900021080 /* Build configuration list for PBXNativeTarget "Shika-KeyBoard" */;
			buildPhases = (
				D586B7242CEE594900021080 /* Sources */,
				D586B7252CEE594900021080 /* Frameworks */,
				D586B7262CEE594900021080 /* Resources */,
			);
			buildRules = (
			);
			dependencies = (
			);
			fileSystemSynchronizedGroups = (
				D586B7292CEE594900021080 /* Shika-KeyBoard */,
			);
			name = "Shika-KeyBoard";
			packageProductDependencies = (
			);
			productName = "Shika-KeyBoard";
			productReference = D586B7282CEE594900021080 /* Shika-KeyBoard.appex */;
			productType = "com.apple.product-type.app-extension";
		};
/* End PBXNativeTarget section */

/* Begin PBXProject section */
		D5062F042CEE4F97000BD865 /* Project object */ = {
			isa = PBXProject;
			attributes = {
				BuildIndependentTargetsInParallel = 1;
				LastSwiftUpdateCheck = 1610;
				LastUpgradeCheck = 1610;
				TargetAttributes = {
					D5062F0B2CEE4F97000BD865 = {
						CreatedOnToolsVersion = 16.1;
					};
					D5062F1B2CEE4F98000BD865 = {
						CreatedOnToolsVersion = 16.1;
						TestTargetID = D5062F0B2CEE4F97000BD865;
					};
					D5062F252CEE4F98000BD865 = {
						CreatedOnToolsVersion = 16.1;
						TestTargetID = D5062F0B2CEE4F97000BD865;
					};
					D586B7272CEE594900021080 = {
						CreatedOnToolsVersion = 16.1;
					};
				};
			};
			buildConfigurationList = D5062F072CEE4F97000BD865 /* Build configuration list for PBXProject "Shika-InputMethod" */;
			developmentRegion = en;
			hasScannedForEncodings = 0;
			knownRegions = (
				en,
				Base,
			);
			mainGroup = D5062F032CEE4F97000BD865;
			minimizedProjectReferenceProxies = 1;
			preferredProjectObjectVersion = 77;
			productRefGroup = D5062F0D2CEE4F97000BD865 /* Products */;
			projectDirPath = "";
			projectRoot = "";
			targets = (
				D5062F0B2CEE4F97000BD865 /* Shika-InputMethod */,
				D5062F1B2CEE4F98000BD865 /* Shika-InputMethodTests */,
				D5062F252CEE4F98000BD865 /* Shika-InputMethodUITests */,
				D586B7272CEE594900021080 /* Shika-KeyBoard */,
			);
		};
/* End PBXProject section */

/* Begin PBXResourcesBuildPhase section */
		D5062F0A2CEE4F97000BD865 /* Resources */ = {
			isa = PBXResourcesBuildPhase;
			buildActionMask = 2147483647;
			files = (
			);
			runOnlyForDeploymentPostprocessing = 0;
		};
		D5062F1A2CEE4F98000BD865 /* Resources */ = {
			isa = PBXResourcesBuildPhase;
			buildActionMask = 2147483647;
			files = (
			);
			runOnlyForDeploymentPostprocessing = 0;
		};
		D5062F242CEE4F98000BD865 /* Resources */ = {
			isa = PBXResourcesBuildPhase;
			buildActionMask = 2147483647;
			files = (
			);
			runOnlyForDeploymentPostprocessing = 0;
		};
		D586B7262CEE594900021080 /* Resources */ = {
			isa = PBXResourcesBuildPhase;
			buildActionMask = 2147483647;
			files = (
			);
			runOnlyForDeploymentPostprocessing = 0;
		};
/* End PBXResourcesBuildPhase section */

/* Begin PBXSourcesBuildPhase section */
		D5062F082CEE4F97000BD865 /* Sources */ = {
			isa = PBXSourcesBuildPhase;
			buildActionMask = 2147483647;
			files = (
			);
			runOnlyForDeploymentPostprocessing = 0;
		};
		D5062F182CEE4F98000BD865 /* Sources */ = {
			isa = PBXSourcesBuildPhase;
			buildActionMask = 2147483647;
			files = (
			);
			runOnlyForDeploymentPostprocessing = 0;
		};
		D5062F222CEE4F98000BD865 /* Sources */ = {
			isa = PBXSourcesBuildPhase;
			buildActionMask = 2147483647;
			files = (
			);
			runOnlyForDeploymentPostprocessing = 0;
		};
		D586B7242CEE594900021080 /* Sources */ = {
			isa = PBXSourcesBuildPhase;
			buildActionMask = 2147483647;
			files = (
			);
			runOnlyForDeploymentPostprocessing = 0;
		};
/* End PBXSourcesBuildPhase section */

/* Begin PBXTargetDependency section */
		D5062F1E2CEE4F98000BD865 /* PBXTargetDependency */ = {
			isa = PBXTargetDependency;
			target = D5062F0B2CEE4F97000BD865 /* Shika-InputMethod */;
			targetProxy = D5062F1D2CEE4F98000BD865 /* PBXContainerItemProxy */;
		};
		D5062F282CEE4F98000BD865 /* PBXTargetDependency */ = {
			isa = PBXTargetDependency;
			target = D5062F0B2CEE4F97000BD865 /* Shika-InputMethod */;
			targetProxy = D5062F272CEE4F98000BD865 /* PBXContainerItemProxy */;
		};
		D586B72E2CEE594900021080 /* PBXTargetDependency */ = {
			isa = PBXTargetDependency;
			target = D586B7272CEE594900021080 /* Shika-KeyBoard */;
			targetProxy = D586B72D2CEE594900021080 /* PBXContainerItemProxy */;
		};
/* End PBXTargetDependency section */

/* Begin XCBuildConfiguration section */
		D5062F2E2CEE4F98000BD865 /* Debug */ = {
			isa = XCBuildConfiguration;
			buildSettings = {
				ALWAYS_SEARCH_USER_PATHS = NO;
				ASSETCATALOG_COMPILER_GENERATE_SWIFT_ASSET_SYMBOL_EXTENSIONS = YES;
				CLANG_ANALYZER_NONNULL = YES;
				CLANG_ANALYZER_NUMBER_OBJECT_CONVERSION = YES_AGGRESSIVE;
				CLANG_CXX_LANGUAGE_STANDARD = "gnu++20";
				CLANG_ENABLE_MODULES = YES;
				CLANG_ENABLE_OBJC_ARC = YES;
				CLANG_ENABLE_OBJC_WEAK = YES;
				CLANG_WARN_BLOCK_CAPTURE_AUTORELEASING = YES;
				CLANG_WARN_BOOL_CONVERSION = YES;
				CLANG_WARN_COMMA = YES;
				CLANG_WARN_CONSTANT_CONVERSION = YES;
				CLANG_WARN_DEPRECATED_OBJC_IMPLEMENTATIONS = YES;
				CLANG_WARN_DIRECT_OBJC_ISA_USAGE = YES_ERROR;
				CLANG_WARN_DOCUMENTATION_COMMENTS = YES;
				CLANG_WARN_EMPTY_BODY = YES;
				CLANG_WARN_ENUM_CONVERSION = YES;
				CLANG_WARN_INFINITE_RECURSION = YES;
				CLANG_WARN_INT_CONVERSION = YES;
				CLANG_WARN_NON_LITERAL_NULL_CONVERSION = YES;
				CLANG_WARN_OBJC_IMPLICIT_RETAIN_SELF = YES;
				CLANG_WARN_OBJC_LITERAL_CONVERSION = YES;
				CLANG_WARN_OBJC_ROOT_CLASS = YES_ERROR;
				CLANG_WARN_QUOTED_INCLUDE_IN_FRAMEWORK_HEADER = YES;
				CLANG_WARN_RANGE_LOOP_ANALYSIS = YES;
				CLANG_WARN_STRICT_PROTOTYPES = YES;
				CLANG_WARN_SUSPICIOUS_MOVE = YES;
				CLANG_WARN_UNGUARDED_AVAILABILITY = YES_AGGRESSIVE;
				CLANG_WARN_UNREACHABLE_CODE = YES;
				CLANG_WARN__DUPLICATE_METHOD_MATCH = YES;
				COPY_PHASE_STRIP = NO;
				DEBUG_INFORMATION_FORMAT = dwarf;
				ENABLE_STRICT_OBJC_MSGSEND = YES;
				ENABLE_TESTABILITY = YES;
				ENABLE_USER_SCRIPT_SANDBOXING = YES;
				GCC_C_LANGUAGE_STANDARD = gnu17;
				GCC_DYNAMIC_NO_PIC = NO;
				GCC_NO_COMMON_BLOCKS = YES;
				GCC_OPTIMIZATION_LEVEL = 0;
				GCC_PREPROCESSOR_DEFINITIONS = (
					"DEBUG=1",
					"$(inherited)",
				);
				GCC_WARN_64_TO_32_BIT_CONVERSION = YES;
				GCC_WARN_ABOUT_RETURN_TYPE = YES_ERROR;
				GCC_WARN_UNDECLARED_SELECTOR = YES;
				GCC_WARN_UNINITIALIZED_AUTOS = YES_AGGRESSIVE;
				GCC_WARN_UNUSED_FUNCTION = YES;
				GCC_WARN_UNUSED_VARIABLE = YES;
				IPHONEOS_DEPLOYMENT_TARGET = 18.1;
				LOCALIZATION_PREFERS_STRING_CATALOGS = YES;
				MTL_ENABLE_DEBUG_INFO = INCLUDE_SOURCE;
				MTL_FAST_MATH = YES;
				ONLY_ACTIVE_ARCH = YES;
				SDKROOT = iphoneos;
				SWIFT_ACTIVE_COMPILATION_CONDITIONS = "DEBUG $(inherited)";
				SWIFT_OPTIMIZATION_LEVEL = "-Onone";
			};
			name = Debug;
		};
		D5062F2F2CEE4F98000BD865 /* Release */ = {
			isa = XCBuildConfiguration;
			buildSettings = {
				ALWAYS_SEARCH_USER_PATHS = NO;
				ASSETCATALOG_COMPILER_GENERATE_SWIFT_ASSET_SYMBOL_EXTENSIONS = YES;
				CLANG_ANALYZER_NONNULL = YES;
				CLANG_ANALYZER_NUMBER_OBJECT_CONVERSION = YES_AGGRESSIVE;
				CLANG_CXX_LANGUAGE_STANDARD = "gnu++20";
				CLANG_ENABLE_MODULES = YES;
				CLANG_ENABLE_OBJC_ARC = YES;
				CLANG_ENABLE_OBJC_WEAK = YES;
				CLANG_WARN_BLOCK_CAPTURE_AUTORELEASING = YES;
				CLANG_WARN_BOOL_CONVERSION = YES;
				CLANG_WARN_COMMA = YES;
				CLANG_WARN_CONSTANT_CONVERSION = YES;
				CLANG_WARN_DEPRECATED_OBJC_IMPLEMENTATIONS = YES;
				CLANG_WARN_DIRECT_OBJC_ISA_USAGE = YES_ERROR;
				CLANG_WARN_DOCUMENTATION_COMMENTS = YES;
				CLANG_WARN_EMPTY_BODY = YES;
				CLANG_WARN_ENUM_CONVERSION = YES;
				CLANG_WARN_INFINITE_RECURSION = YES;
				CLANG_WARN_INT_CONVERSION = YES;
				CLANG_WARN_NON_LITERAL_NULL_CONVERSION = YES;
				CLANG_WARN_OBJC_IMPLICIT_RETAIN_SELF = YES;
				CLANG_WARN_OBJC_LITERAL_CONVERSION = YES;
				CLANG_WARN_OBJC_ROOT_CLASS = YES_ERROR;
				CLANG_WARN_QUOTED_INCLUDE_IN_FRAMEWORK_HEADER = YES;
				CLANG_WARN_RANGE_LOOP_ANALYSIS = YES;
				CLANG_WARN_STRICT_PROTOTYPES = YES;
				CLANG_WARN_SUSPICIOUS_MOVE = YES;
				CLANG_WARN_UNGUARDED_AVAILABILITY = YES_AGGRESSIVE;
				CLANG_WARN_UNREACHABLE_CODE = YES;
				CLANG_WARN__DUPLICATE_METHOD_MATCH = YES;
				COPY_PHASE_STRIP = NO;
				DEBUG_INFORMATION_FORMAT = "dwarf-with-dsym";
				ENABLE_NS_ASSERTIONS = NO;
				ENABLE_STRICT_OBJC_MSGSEND = YES;
				ENABLE_USER_SCRIPT_SANDBOXING = YES;
				GCC_C_LANGUAGE_STANDARD = gnu17;
				GCC_NO_COMMON_BLOCKS = YES;
				GCC_WARN_64_TO_32_BIT_CONVERSION = YES;
				GCC_WARN_ABOUT_RETURN_TYPE = YES_ERROR;
				GCC_WARN_UNDECLARED_SELECTOR = YES;
				GCC_WARN_UNINITIALIZED_AUTOS = YES_AGGRESSIVE;
				GCC_WARN_UNUSED_FUNCTION = YES;
				GCC_WARN_UNUSED_VARIABLE = YES;
				IPHONEOS_DEPLOYMENT_TARGET = 18.1;
				LOCALIZATION_PREFERS_STRING_CATALOGS = YES;
				MTL_ENABLE_DEBUG_INFO = NO;
				MTL_FAST_MATH = YES;
				SDKROOT = iphoneos;
				SWIFT_COMPILATION_MODE = wholemodule;
				VALIDATE_PRODUCT = YES;
			};
			name = Release;
		};
		D5062F312CEE4F98000BD865 /* Debug */ = {
			isa = XCBuildConfiguration;
			buildSettings = {
				ASSETCATALOG_COMPILER_APPICON_NAME = AppIcon;
				ASSETCATALOG_COMPILER_GLOBAL_ACCENT_COLOR_NAME = AccentColor;
				CODE_SIGN_STYLE = Automatic;
				CURRENT_PROJECT_VERSION = 1;
				DEVELOPMENT_ASSET_PATHS = "\"Shika-InputMethod/Preview Content\"";
				DEVELOPMENT_TEAM = 9H5U9ZC7JV;
				ENABLE_PREVIEWS = YES;
				GENERATE_INFOPLIST_FILE = YES;
				INFOPLIST_KEY_UIApplicationSceneManifest_Generation = YES;
				INFOPLIST_KEY_UIApplicationSupportsIndirectInputEvents = YES;
				INFOPLIST_KEY_UILaunchScreen_Generation = YES;
				INFOPLIST_KEY_UISupportedInterfaceOrientations_iPad = "UIInterfaceOrientationPortrait UIInterfaceOrientationPortraitUpsideDown UIInterfaceOrientationLandscapeLeft UIInterfaceOrientationLandscapeRight";
				INFOPLIST_KEY_UISupportedInterfaceOrientations_iPhone = "UIInterfaceOrientationPortrait UIInterfaceOrientationLandscapeLeft UIInterfaceOrientationLandscapeRight";
				LD_RUNPATH_SEARCH_PATHS = (
					"$(inherited)",
					"@executable_path/Frameworks",
				);
				MARKETING_VERSION = 1.0;
				PRODUCT_BUNDLE_IDENTIFIER = "Funno.Shika-InputMethod";
				PRODUCT_NAME = "$(TARGET_NAME)";
				SWIFT_EMIT_LOC_STRINGS = YES;
				SWIFT_VERSION = 5.0;
				TARGETED_DEVICE_FAMILY = "1,2";
			};
			name = Debug;
		};
		D5062F322CEE4F98000BD865 /* Release */ = {
			isa = XCBuildConfiguration;
			buildSettings = {
				ASSETCATALOG_COMPILER_APPICON_NAME = AppIcon;
				ASSETCATALOG_COMPILER_GLOBAL_ACCENT_COLOR_NAME = AccentColor;
				CODE_SIGN_STYLE = Automatic;
				CURRENT_PROJECT_VERSION = 1;
				DEVELOPMENT_ASSET_PATHS = "\"Shika-InputMethod/Preview Content\"";
				DEVELOPMENT_TEAM = 9H5U9ZC7JV;
				ENABLE_PREVIEWS = YES;
				GENERATE_INFOPLIST_FILE = YES;
				INFOPLIST_KEY_UIApplicationSceneManifest_Generation = YES;
				INFOPLIST_KEY_UIApplicationSupportsIndirectInputEvents = YES;
				INFOPLIST_KEY_UILaunchScreen_Generation = YES;
				INFOPLIST_KEY_UISupportedInterfaceOrientations_iPad = "UIInterfaceOrientationPortrait UIInterfaceOrientationPortraitUpsideDown UIInterfaceOrientationLandscapeLeft UIInterfaceOrientationLandscapeRight";
				INFOPLIST_KEY_UISupportedInterfaceOrientations_iPhone = "UIInterfaceOrientationPortrait UIInterfaceOrientationLandscapeLeft UIInterfaceOrientationLandscapeRight";
				LD_RUNPATH_SEARCH_PATHS = (
					"$(inherited)",
					"@executable_path/Frameworks",
				);
				MARKETING_VERSION = 1.0;
				PRODUCT_BUNDLE_IDENTIFIER = "Funno.Shika-InputMethod";
				PRODUCT_NAME = "$(TARGET_NAME)";
				SWIFT_EMIT_LOC_STRINGS = YES;
				SWIFT_VERSION = 5.0;
				TARGETED_DEVICE_FAMILY = "1,2";
			};
			name = Release;
		};
		D5062F342CEE4F98000BD865 /* Debug */ = {
			isa = XCBuildConfiguration;
			buildSettings = {
				BUNDLE_LOADER = "$(TEST_HOST)";
				CODE_SIGN_STYLE = Automatic;
				CURRENT_PROJECT_VERSION = 1;
				GENERATE_INFOPLIST_FILE = YES;
				IPHONEOS_DEPLOYMENT_TARGET = 18.1;
				MARKETING_VERSION = 1.0;
				PRODUCT_BUNDLE_IDENTIFIER = "Funno.Shika-InputMethodTests";
				PRODUCT_NAME = "$(TARGET_NAME)";
				SWIFT_EMIT_LOC_STRINGS = NO;
				SWIFT_VERSION = 5.0;
				TARGETED_DEVICE_FAMILY = "1,2";
				TEST_HOST = "$(BUILT_PRODUCTS_DIR)/Shika-InputMethod.app/$(BUNDLE_EXECUTABLE_FOLDER_PATH)/Shika-InputMethod";
			};
			name = Debug;
		};
		D5062F352CEE4F98000BD865 /* Release */ = {
			isa = XCBuildConfiguration;
			buildSettings = {
				BUNDLE_LOADER = "$(TEST_HOST)";
				CODE_SIGN_STYLE = Automatic;
				CURRENT_PROJECT_VERSION = 1;
				GENERATE_INFOPLIST_FILE = YES;
				IPHONEOS_DEPLOYMENT_TARGET = 18.1;
				MARKETING_VERSION = 1.0;
				PRODUCT_BUNDLE_IDENTIFIER = "Funno.Shika-InputMethodTests";
				PRODUCT_NAME = "$(TARGET_NAME)";
				SWIFT_EMIT_LOC_STRINGS = NO;
				SWIFT_VERSION = 5.0;
				TARGETED_DEVICE_FAMILY = "1,2";
				TEST_HOST = "$(BUILT_PRODUCTS_DIR)/Shika-InputMethod.app/$(BUNDLE_EXECUTABLE_FOLDER_PATH)/Shika-InputMethod";
			};
			name = Release;
		};
		D5062F372CEE4F98000BD865 /* Debug */ = {
			isa = XCBuildConfiguration;
			buildSettings = {
				CODE_SIGN_STYLE = Automatic;
				CURRENT_PROJECT_VERSION = 1;
				GENERATE_INFOPLIST_FILE = YES;
				MARKETING_VERSION = 1.0;
				PRODUCT_BUNDLE_IDENTIFIER = "Funno.Shika-InputMethodUITests";
				PRODUCT_NAME = "$(TARGET_NAME)";
				SWIFT_EMIT_LOC_STRINGS = NO;
				SWIFT_VERSION = 5.0;
				TARGETED_DEVICE_FAMILY = "1,2";
				TEST_TARGET_NAME = "Shika-InputMethod";
			};
			name = Debug;
		};
		D5062F382CEE4F98000BD865 /* Release */ = {
			isa = XCBuildConfiguration;
			buildSettings = {
				CODE_SIGN_STYLE = Automatic;
				CURRENT_PROJECT_VERSION = 1;
				GENERATE_INFOPLIST_FILE = YES;
				MARKETING_VERSION = 1.0;
				PRODUCT_BUNDLE_IDENTIFIER = "Funno.Shika-InputMethodUITests";
				PRODUCT_NAME = "$(TARGET_NAME)";
				SWIFT_EMIT_LOC_STRINGS = NO;
				SWIFT_VERSION = 5.0;
				TARGETED_DEVICE_FAMILY = "1,2";
				TEST_TARGET_NAME = "Shika-InputMethod";
			};
			name = Release;
		};
		D586B7322CEE594900021080 /* Debug */ = {
			isa = XCBuildConfiguration;
			buildSettings = {
				CODE_SIGN_STYLE = Automatic;
				CURRENT_PROJECT_VERSION = 1;
				DEVELOPMENT_TEAM = 9H5U9ZC7JV;
				GENERATE_INFOPLIST_FILE = YES;
				INFOPLIST_FILE = "Shika-KeyBoard/Info.plist";
				INFOPLIST_KEY_CFBundleDisplayName = "Shika-KeyBoard";
				INFOPLIST_KEY_NSHumanReadableCopyright = "";
				LD_RUNPATH_SEARCH_PATHS = (
					"$(inherited)",
					"@executable_path/Frameworks",
					"@executable_path/../../Frameworks",
				);
				MARKETING_VERSION = 1.0;
				PRODUCT_BUNDLE_IDENTIFIER = "Funno.Shika-InputMethod.Shika-KeyBoard";
				PRODUCT_NAME = "$(TARGET_NAME)";
				SKIP_INSTALL = YES;
				SWIFT_EMIT_LOC_STRINGS = YES;
				SWIFT_VERSION = 5.0;
				TARGETED_DEVICE_FAMILY = "1,2";
			};
			name = Debug;
		};
		D586B7332CEE594900021080 /* Release */ = {
			isa = XCBuildConfiguration;
			buildSettings = {
				CODE_SIGN_STYLE = Automatic;
				CURRENT_PROJECT_VERSION = 1;
				DEVELOPMENT_TEAM = 9H5U9ZC7JV;
				GENERATE_INFOPLIST_FILE = YES;
				INFOPLIST_FILE = "Shika-KeyBoard/Info.plist";
				INFOPLIST_KEY_CFBundleDisplayName = "Shika-KeyBoard";
				INFOPLIST_KEY_NSHumanReadableCopyright = "";
				LD_RUNPATH_SEARCH_PATHS = (
					"$(inherited)",
					"@executable_path/Frameworks",
					"@executable_path/../../Frameworks",
				);
				MARKETING_VERSION = 1.0;
				PRODUCT_BUNDLE_IDENTIFIER = "Funno.Shika-InputMethod.Shika-KeyBoard";
				PRODUCT_NAME = "$(TARGET_NAME)";
				SKIP_INSTALL = YES;
				SWIFT_EMIT_LOC_STRINGS = YES;
				SWIFT_VERSION = 5.0;
				TARGETED_DEVICE_FAMILY = "1,2";
			};
			name = Release;
		};
/* End XCBuildConfiguration section */

/* Begin XCConfigurationList section */
		D5062F072CEE4F97000BD865 /* Build configuration list for PBXProject "Shika-InputMethod" */ = {
			isa = XCConfigurationList;
			buildConfigurations = (
				D5062F2E2CEE4F98000BD865 /* Debug */,
				D5062F2F2CEE4F98000BD865 /* Release */,
			);
			defaultConfigurationIsVisible = 0;
			defaultConfigurationName = Release;
		};
		D5062F302CEE4F98000BD865 /* Build configuration list for PBXNativeTarget "Shika-InputMethod" */ = {
			isa = XCConfigurationList;
			buildConfigurations = (
				D5062F312CEE4F98000BD865 /* Debug */,
				D5062F322CEE4F98000BD865 /* Release */,
			);
			defaultConfigurationIsVisible = 0;
			defaultConfigurationName = Release;
		};
		D5062F332CEE4F98000BD865 /* Build configuration list for PBXNativeTarget "Shika-InputMethodTests" */ = {
			isa = XCConfigurationList;
			buildConfigurations = (
				D5062F342CEE4F98000BD865 /* Debug */,
				D5062F352CEE4F98000BD865 /* Release */,
			);
			defaultConfigurationIsVisible = 0;
			defaultConfigurationName = Release;
		};
		D5062F362CEE4F98000BD865 /* Build configuration list for PBXNativeTarget "Shika-InputMethodUITests" */ = {
			isa = XCConfigurationList;
			buildConfigurations = (
				D5062F372CEE4F98000BD865 /* Debug */,
				D5062F382CEE4F98000BD865 /* Release */,
			);
			defaultConfigurationIsVisible = 0;
			defaultConfigurationName = Release;
		};
		D586B7312CEE594900021080 /* Build configuration list for PBXNativeTarget "Shika-KeyBoard" */ = {
			isa = XCConfigurationList;
			buildConfigurations = (
				D586B7322CEE594900021080 /* Debug */,
				D586B7332CEE594900021080 /* Release */,
			);
			defaultConfigurationIsVisible = 0;
			defaultConfigurationName = Release;
		};
/* End XCConfigurationList section */
	};
	rootObject = D5062F042CEE4F97000BD865 /* Project object */;
}
